
Microsoft Visual Studio Solution File, Format Version 12.00
# Visual Studio 15
VisualStudioVersion = 15.0.27703.2042
MinimumVisualStudioVersion = 10.0.40219.1
Project("{FAE04EC0-301F-11D3-BF4B-00C04F79EFBC}") = "TournamentTest.Android", "TournamentTest\TournamentTest.Android\TournamentTest.Android.csproj", "{5011B48F-06BA-425F-9ECC-1E8DC3A543C6}"
EndProject
Project("{FAE04EC0-301F-11D3-BF4B-00C04F79EFBC}") = "TournamentTest.iOS", "TournamentTest\TournamentTest.iOS\TournamentTest.iOS.csproj", "{EDFDEAD4-E0AB-44E7-8B2B-0538D4A23FE0}"
EndProject
Project("{FAE04EC0-301F-11D3-BF4B-00C04F79EFBC}") = "TournamentTest.UWP", "TournamentTest\TournamentTest.UWP\TournamentTest.UWP.csproj", "{921A17A8-B387-48F6-B970-3E6392D7260C}"
EndProject
Project("{FAE04EC0-301F-11D3-BF4B-00C04F79EFBC}") = "TournamentTest", "TournamentTest\TournamentTest\TournamentTest.csproj", "{DAE8189C-70FE-455B-AA17-C38B1820CD42}"
EndProject
Global
	GlobalSection(SolutionConfigurationPlatforms) = preSolution
		Ad-Hoc|Any CPU = Ad-Hoc|Any CPU
		Ad-Hoc|ARM = Ad-Hoc|ARM
		Ad-Hoc|iPhone = Ad-Hoc|iPhone
		Ad-Hoc|iPhoneSimulator = Ad-Hoc|iPhoneSimulator
		Ad-Hoc|x64 = Ad-Hoc|x64
		Ad-Hoc|x86 = Ad-Hoc|x86
		AppStore|Any CPU = AppStore|Any CPU
		AppStore|ARM = AppStore|ARM
		AppStore|iPhone = AppStore|iPhone
		AppStore|iPhoneSimulator = AppStore|iPhoneSimulator
		AppStore|x64 = AppStore|x64
		AppStore|x86 = AppStore|x86
		Debug|Any CPU = Debug|Any CPU
		Debug|ARM = Debug|ARM
		Debug|iPhone = Debug|iPhone
		Debug|iPhoneSimulator = Debug|iPhoneSimulator
		Debug|x64 = Debug|x64
		Debug|x86 = Debug|x86
		Release|Any CPU = Release|Any CPU
		Release|ARM = Release|ARM
		Release|iPhone = Release|iPhone
		Release|iPhoneSimulator = Release|iPhoneSimulator
		Release|x64 = Release|x64
		Release|x86 = Release|x86
	EndGlobalSection
	GlobalSection(ProjectConfigurationPlatforms) = postSolution
		{5011B48F-06BA-425F-9ECC-1E8DC3A543C6}.Ad-Hoc|Any CPU.ActiveCfg = Release|Any CPU
		{5011B48F-06BA-425F-9ECC-1E8DC3A543C6}.Ad-Hoc|Any CPU.Build.0 = Release|Any CPU
		{5011B48F-06BA-425F-9ECC-1E8DC3A543C6}.Ad-Hoc|Any CPU.Deploy.0 = Release|Any CPU
		{5011B48F-06BA-425F-9ECC-1E8DC3A543C6}.Ad-Hoc|ARM.ActiveCfg = Release|Any CPU
		{5011B48F-06BA-425F-9ECC-1E8DC3A543C6}.Ad-Hoc|ARM.Build.0 = Release|Any CPU
		{5011B48F-06BA-425F-9ECC-1E8DC3A543C6}.Ad-Hoc|ARM.Deploy.0 = Release|Any CPU
		{5011B48F-06BA-425F-9ECC-1E8DC3A543C6}.Ad-Hoc|iPhone.ActiveCfg = Release|Any CPU
		{5011B48F-06BA-425F-9ECC-1E8DC3A543C6}.Ad-Hoc|iPhone.Build.0 = Release|Any CPU
		{5011B48F-06BA-425F-9ECC-1E8DC3A543C6}.Ad-Hoc|iPhone.Deploy.0 = Release|Any CPU
		{5011B48F-06BA-425F-9ECC-1E8DC3A543C6}.Ad-Hoc|iPhoneSimulator.ActiveCfg = Release|Any CPU
		{5011B48F-06BA-425F-9ECC-1E8DC3A543C6}.Ad-Hoc|iPhoneSimulator.Build.0 = Release|Any CPU
		{5011B48F-06BA-425F-9ECC-1E8DC3A543C6}.Ad-Hoc|iPhoneSimulator.Deploy.0 = Release|Any CPU
		{5011B48F-06BA-425F-9ECC-1E8DC3A543C6}.Ad-Hoc|x64.ActiveCfg = Release|Any CPU
		{5011B48F-06BA-425F-9ECC-1E8DC3A543C6}.Ad-Hoc|x64.Build.0 = Release|Any CPU
		{5011B48F-06BA-425F-9ECC-1E8DC3A543C6}.Ad-Hoc|x64.Deploy.0 = Release|Any CPU
		{5011B48F-06BA-425F-9ECC-1E8DC3A543C6}.Ad-Hoc|x86.ActiveCfg = Release|Any CPU
		{5011B48F-06BA-425F-9ECC-1E8DC3A543C6}.Ad-Hoc|x86.Build.0 = Release|Any CPU
		{5011B48F-06BA-425F-9ECC-1E8DC3A543C6}.Ad-Hoc|x86.Deploy.0 = Release|Any CPU
		{5011B48F-06BA-425F-9ECC-1E8DC3A543C6}.AppStore|Any CPU.ActiveCfg = Release|Any CPU
		{5011B48F-06BA-425F-9ECC-1E8DC3A543C6}.AppStore|Any CPU.Build.0 = Release|Any CPU
		{5011B48F-06BA-425F-9ECC-1E8DC3A543C6}.AppStore|Any CPU.Deploy.0 = Release|Any CPU
		{5011B48F-06BA-425F-9ECC-1E8DC3A543C6}.AppStore|ARM.ActiveCfg = Release|Any CPU
		{5011B48F-06BA-425F-9ECC-1E8DC3A543C6}.AppStore|ARM.Build.0 = Release|Any CPU
		{5011B48F-06BA-425F-9ECC-1E8DC3A543C6}.AppStore|ARM.Deploy.0 = Release|Any CPU
		{5011B48F-06BA-425F-9ECC-1E8DC3A543C6}.AppStore|iPhone.ActiveCfg = Release|Any CPU
		{5011B48F-06BA-425F-9ECC-1E8DC3A543C6}.AppStore|iPhone.Build.0 = Release|Any CPU
		{5011B48F-06BA-425F-9ECC-1E8DC3A543C6}.AppStore|iPhone.Deploy.0 = Release|Any CPU
		{5011B48F-06BA-425F-9ECC-1E8DC3A543C6}.AppStore|iPhoneSimulator.ActiveCfg = Release|Any CPU
		{5011B48F-06BA-425F-9ECC-1E8DC3A543C6}.AppStore|iPhoneSimulator.Build.0 = Release|Any CPU
		{5011B48F-06BA-425F-9ECC-1E8DC3A543C6}.AppStore|iPhoneSimulator.Deploy.0 = Release|Any CPU
		{5011B48F-06BA-425F-9ECC-1E8DC3A543C6}.AppStore|x64.ActiveCfg = Release|Any CPU
		{5011B48F-06BA-425F-9ECC-1E8DC3A543C6}.AppStore|x64.Build.0 = Release|Any CPU
		{5011B48F-06BA-425F-9ECC-1E8DC3A543C6}.AppStore|x64.Deploy.0 = Release|Any CPU
		{5011B48F-06BA-425F-9ECC-1E8DC3A543C6}.AppStore|x86.ActiveCfg = Release|Any CPU
		{5011B48F-06BA-425F-9ECC-1E8DC3A543C6}.AppStore|x86.Build.0 = Release|Any CPU
		{5011B48F-06BA-425F-9ECC-1E8DC3A543C6}.AppStore|x86.Deploy.0 = Release|Any CPU
		{5011B48F-06BA-425F-9ECC-1E8DC3A543C6}.Debug|Any CPU.ActiveCfg = Debug|Any CPU
		{5011B48F-06BA-425F-9ECC-1E8DC3A543C6}.Debug|Any CPU.Build.0 = Debug|Any CPU
		{5011B48F-06BA-425F-9ECC-1E8DC3A543C6}.Debug|Any CPU.Deploy.0 = Debug|Any CPU
		{5011B48F-06BA-425F-9ECC-1E8DC3A543C6}.Debug|ARM.ActiveCfg = Debug|Any CPU
		{5011B48F-06BA-425F-9ECC-1E8DC3A543C6}.Debug|ARM.Build.0 = Debug|Any CPU
		{5011B48F-06BA-425F-9ECC-1E8DC3A543C6}.Debug|ARM.Deploy.0 = Debug|Any CPU
		{5011B48F-06BA-425F-9ECC-1E8DC3A543C6}.Debug|iPhone.ActiveCfg = Debug|Any CPU
		{5011B48F-06BA-425F-9ECC-1E8DC3A543C6}.Debug|iPhone.Build.0 = Debug|Any CPU
		{5011B48F-06BA-425F-9ECC-1E8DC3A543C6}.Debug|iPhone.Deploy.0 = Debug|Any CPU
		{5011B48F-06BA-425F-9ECC-1E8DC3A543C6}.Debug|iPhoneSimulator.ActiveCfg = Debug|Any CPU
		{5011B48F-06BA-425F-9ECC-1E8DC3A543C6}.Debug|iPhoneSimulator.Build.0 = Debug|Any CPU
		{5011B48F-06BA-425F-9ECC-1E8DC3A543C6}.Debug|iPhoneSimulator.Deploy.0 = Debug|Any CPU
		{5011B48F-06BA-425F-9ECC-1E8DC3A543C6}.Debug|x64.ActiveCfg = Debug|Any CPU
		{5011B48F-06BA-425F-9ECC-1E8DC3A543C6}.Debug|x64.Build.0 = Debug|Any CPU
		{5011B48F-06BA-425F-9ECC-1E8DC3A543C6}.Debug|x64.Deploy.0 = Debug|Any CPU
		{5011B48F-06BA-425F-9ECC-1E8DC3A543C6}.Debug|x86.ActiveCfg = Debug|Any CPU
		{5011B48F-06BA-425F-9ECC-1E8DC3A543C6}.Debug|x86.Build.0 = Debug|Any CPU
		{5011B48F-06BA-425F-9ECC-1E8DC3A543C6}.Debug|x86.Deploy.0 = Debug|Any CPU
		{5011B48F-06BA-425F-9ECC-1E8DC3A543C6}.Release|Any CPU.ActiveCfg = Release|Any CPU
		{5011B48F-06BA-425F-9ECC-1E8DC3A543C6}.Release|Any CPU.Build.0 = Release|Any CPU
		{5011B48F-06BA-425F-9ECC-1E8DC3A543C6}.Release|Any CPU.Deploy.0 = Release|Any CPU
		{5011B48F-06BA-425F-9ECC-1E8DC3A543C6}.Release|ARM.ActiveCfg = Release|Any CPU
		{5011B48F-06BA-425F-9ECC-1E8DC3A543C6}.Release|ARM.Build.0 = Release|Any CPU
		{5011B48F-06BA-425F-9ECC-1E8DC3A543C6}.Release|ARM.Deploy.0 = Release|Any CPU
		{5011B48F-06BA-425F-9ECC-1E8DC3A543C6}.Release|iPhone.ActiveCfg = Release|Any CPU
		{5011B48F-06BA-425F-9ECC-1E8DC3A543C6}.Release|iPhone.Build.0 = Release|Any CPU
		{5011B48F-06BA-425F-9ECC-1E8DC3A543C6}.Release|iPhone.Deploy.0 = Release|Any CPU
		{5011B48F-06BA-425F-9ECC-1E8DC3A543C6}.Release|iPhoneSimulator.ActiveCfg = Release|Any CPU
		{5011B48F-06BA-425F-9ECC-1E8DC3A543C6}.Release|iPhoneSimulator.Build.0 = Release|Any CPU
		{5011B48F-06BA-425F-9ECC-1E8DC3A543C6}.Release|iPhoneSimulator.Deploy.0 = Release|Any CPU
		{5011B48F-06BA-425F-9ECC-1E8DC3A543C6}.Release|x64.ActiveCfg = Release|Any CPU
		{5011B48F-06BA-425F-9ECC-1E8DC3A543C6}.Release|x64.Build.0 = Release|Any CPU
		{5011B48F-06BA-425F-9ECC-1E8DC3A543C6}.Release|x64.Deploy.0 = Release|Any CPU
		{5011B48F-06BA-425F-9ECC-1E8DC3A543C6}.Release|x86.ActiveCfg = Release|Any CPU
		{5011B48F-06BA-425F-9ECC-1E8DC3A543C6}.Release|x86.Build.0 = Release|Any CPU
		{5011B48F-06BA-425F-9ECC-1E8DC3A543C6}.Release|x86.Deploy.0 = Release|Any CPU
		{EDFDEAD4-E0AB-44E7-8B2B-0538D4A23FE0}.Ad-Hoc|Any CPU.ActiveCfg = Ad-Hoc|iPhone
		{EDFDEAD4-E0AB-44E7-8B2B-0538D4A23FE0}.Ad-Hoc|Any CPU.Build.0 = Ad-Hoc|iPhone
		{EDFDEAD4-E0AB-44E7-8B2B-0538D4A23FE0}.Ad-Hoc|Any CPU.Deploy.0 = Ad-Hoc|iPhone
		{EDFDEAD4-E0AB-44E7-8B2B-0538D4A23FE0}.Ad-Hoc|ARM.ActiveCfg = Ad-Hoc|iPhone
		{EDFDEAD4-E0AB-44E7-8B2B-0538D4A23FE0}.Ad-Hoc|ARM.Build.0 = Ad-Hoc|iPhone
		{EDFDEAD4-E0AB-44E7-8B2B-0538D4A23FE0}.Ad-Hoc|ARM.Deploy.0 = Ad-Hoc|iPhone
		{EDFDEAD4-E0AB-44E7-8B2B-0538D4A23FE0}.Ad-Hoc|iPhone.ActiveCfg = Ad-Hoc|iPhone
		{EDFDEAD4-E0AB-44E7-8B2B-0538D4A23FE0}.Ad-Hoc|iPhone.Build.0 = Ad-Hoc|iPhone
		{EDFDEAD4-E0AB-44E7-8B2B-0538D4A23FE0}.Ad-Hoc|iPhone.Deploy.0 = Ad-Hoc|iPhone
		{EDFDEAD4-E0AB-44E7-8B2B-0538D4A23FE0}.Ad-Hoc|iPhoneSimulator.ActiveCfg = Ad-Hoc|iPhoneSimulator
		{EDFDEAD4-E0AB-44E7-8B2B-0538D4A23FE0}.Ad-Hoc|iPhoneSimulator.Build.0 = Ad-Hoc|iPhoneSimulator
		{EDFDEAD4-E0AB-44E7-8B2B-0538D4A23FE0}.Ad-Hoc|iPhoneSimulator.Deploy.0 = Ad-Hoc|iPhoneSimulator
		{EDFDEAD4-E0AB-44E7-8B2B-0538D4A23FE0}.Ad-Hoc|x64.ActiveCfg = Ad-Hoc|iPhone
		{EDFDEAD4-E0AB-44E7-8B2B-0538D4A23FE0}.Ad-Hoc|x64.Build.0 = Ad-Hoc|iPhone
		{EDFDEAD4-E0AB-44E7-8B2B-0538D4A23FE0}.Ad-Hoc|x64.Deploy.0 = Ad-Hoc|iPhone
		{EDFDEAD4-E0AB-44E7-8B2B-0538D4A23FE0}.Ad-Hoc|x86.ActiveCfg = Ad-Hoc|iPhone
		{EDFDEAD4-E0AB-44E7-8B2B-0538D4A23FE0}.Ad-Hoc|x86.Build.0 = Ad-Hoc|iPhone
		{EDFDEAD4-E0AB-44E7-8B2B-0538D4A23FE0}.Ad-Hoc|x86.Deploy.0 = Ad-Hoc|iPhone
		{EDFDEAD4-E0AB-44E7-8B2B-0538D4A23FE0}.AppStore|Any CPU.ActiveCfg = AppStore|iPhone
		{EDFDEAD4-E0AB-44E7-8B2B-0538D4A23FE0}.AppStore|Any CPU.Build.0 = AppStore|iPhone
		{EDFDEAD4-E0AB-44E7-8B2B-0538D4A23FE0}.AppStore|Any CPU.Deploy.0 = AppStore|iPhone
		{EDFDEAD4-E0AB-44E7-8B2B-0538D4A23FE0}.AppStore|ARM.ActiveCfg = AppStore|iPhone
		{EDFDEAD4-E0AB-44E7-8B2B-0538D4A23FE0}.AppStore|ARM.Build.0 = AppStore|iPhone
		{EDFDEAD4-E0AB-44E7-8B2B-0538D4A23FE0}.AppStore|ARM.Deploy.0 = AppStore|iPhone
		{EDFDEAD4-E0AB-44E7-8B2B-0538D4A23FE0}.AppStore|iPhone.ActiveCfg = AppStore|iPhone
		{EDFDEAD4-E0AB-44E7-8B2B-0538D4A23FE0}.AppStore|iPhone.Build.0 = AppStore|iPhone
		{EDFDEAD4-E0AB-44E7-8B2B-0538D4A23FE0}.AppStore|iPhone.Deploy.0 = AppStore|iPhone
		{EDFDEAD4-E0AB-44E7-8B2B-0538D4A23FE0}.AppStore|iPhoneSimulator.ActiveCfg = AppStore|iPhoneSimulator
		{EDFDEAD4-E0AB-44E7-8B2B-0538D4A23FE0}.AppStore|iPhoneSimulator.Build.0 = AppStore|iPhoneSimulator
		{EDFDEAD4-E0AB-44E7-8B2B-0538D4A23FE0}.AppStore|iPhoneSimulator.Deploy.0 = AppStore|iPhoneSimulator
		{EDFDEAD4-E0AB-44E7-8B2B-0538D4A23FE0}.AppStore|x64.ActiveCfg = AppStore|iPhone
		{EDFDEAD4-E0AB-44E7-8B2B-0538D4A23FE0}.AppStore|x64.Build.0 = AppStore|iPhone
		{EDFDEAD4-E0AB-44E7-8B2B-0538D4A23FE0}.AppStore|x64.Deploy.0 = AppStore|iPhone
		{EDFDEAD4-E0AB-44E7-8B2B-0538D4A23FE0}.AppStore|x86.ActiveCfg = AppStore|iPhone
		{EDFDEAD4-E0AB-44E7-8B2B-0538D4A23FE0}.AppStore|x86.Build.0 = AppStore|iPhone
		{EDFDEAD4-E0AB-44E7-8B2B-0538D4A23FE0}.AppStore|x86.Deploy.0 = AppStore|iPhone
		{EDFDEAD4-E0AB-44E7-8B2B-0538D4A23FE0}.Debug|Any CPU.ActiveCfg = Debug|iPhoneSimulator
		{EDFDEAD4-E0AB-44E7-8B2B-0538D4A23FE0}.Debug|Any CPU.Build.0 = Debug|iPhoneSimulator
		{EDFDEAD4-E0AB-44E7-8B2B-0538D4A23FE0}.Debug|Any CPU.Deploy.0 = Debug|iPhoneSimulator
		{EDFDEAD4-E0AB-44E7-8B2B-0538D4A23FE0}.Debug|ARM.ActiveCfg = Debug|iPhone
		{EDFDEAD4-E0AB-44E7-8B2B-0538D4A23FE0}.Debug|ARM.Build.0 = Debug|iPhone
		{EDFDEAD4-E0AB-44E7-8B2B-0538D4A23FE0}.Debug|ARM.Deploy.0 = Debug|iPhone
		{EDFDEAD4-E0AB-44E7-8B2B-0538D4A23FE0}.Debug|iPhone.ActiveCfg = Debug|iPhone
		{EDFDEAD4-E0AB-44E7-8B2B-0538D4A23FE0}.Debug|iPhone.Build.0 = Debug|iPhone
		{EDFDEAD4-E0AB-44E7-8B2B-0538D4A23FE0}.Debug|iPhone.Deploy.0 = Debug|iPhone
		{EDFDEAD4-E0AB-44E7-8B2B-0538D4A23FE0}.Debug|iPhoneSimulator.ActiveCfg = Debug|iPhoneSimulator
		{EDFDEAD4-E0AB-44E7-8B2B-0538D4A23FE0}.Debug|iPhoneSimulator.Build.0 = Debug|iPhoneSimulator
		{EDFDEAD4-E0AB-44E7-8B2B-0538D4A23FE0}.Debug|iPhoneSimulator.Deploy.0 = Debug|iPhoneSimulator
		{EDFDEAD4-E0AB-44E7-8B2B-0538D4A23FE0}.Debug|x64.ActiveCfg = Debug|iPhone
		{EDFDEAD4-E0AB-44E7-8B2B-0538D4A23FE0}.Debug|x64.Build.0 = Debug|iPhone
		{EDFDEAD4-E0AB-44E7-8B2B-0538D4A23FE0}.Debug|x64.Deploy.0 = Debug|iPhone
		{EDFDEAD4-E0AB-44E7-8B2B-0538D4A23FE0}.Debug|x86.ActiveCfg = Debug|iPhone
		{EDFDEAD4-E0AB-44E7-8B2B-0538D4A23FE0}.Debug|x86.Build.0 = Debug|iPhone
		{EDFDEAD4-E0AB-44E7-8B2B-0538D4A23FE0}.Debug|x86.Deploy.0 = Debug|iPhone
		{EDFDEAD4-E0AB-44E7-8B2B-0538D4A23FE0}.Release|Any CPU.ActiveCfg = Release|iPhone
		{EDFDEAD4-E0AB-44E7-8B2B-0538D4A23FE0}.Release|Any CPU.Build.0 = Release|iPhone
		{EDFDEAD4-E0AB-44E7-8B2B-0538D4A23FE0}.Release|Any CPU.Deploy.0 = Release|iPhone
		{EDFDEAD4-E0AB-44E7-8B2B-0538D4A23FE0}.Release|ARM.ActiveCfg = Release|iPhone
		{EDFDEAD4-E0AB-44E7-8B2B-0538D4A23FE0}.Release|ARM.Build.0 = Release|iPhone
		{EDFDEAD4-E0AB-44E7-8B2B-0538D4A23FE0}.Release|ARM.Deploy.0 = Release|iPhone
		{EDFDEAD4-E0AB-44E7-8B2B-0538D4A23FE0}.Release|iPhone.ActiveCfg = Release|iPhone
		{EDFDEAD4-E0AB-44E7-8B2B-0538D4A23FE0}.Release|iPhone.Build.0 = Release|iPhone
		{EDFDEAD4-E0AB-44E7-8B2B-0538D4A23FE0}.Release|iPhone.Deploy.0 = Release|iPhone
		{EDFDEAD4-E0AB-44E7-8B2B-0538D4A23FE0}.Release|iPhoneSimulator.ActiveCfg = Release|iPhoneSimulator
		{EDFDEAD4-E0AB-44E7-8B2B-0538D4A23FE0}.Release|iPhoneSimulator.Build.0 = Release|iPhoneSimulator
		{EDFDEAD4-E0AB-44E7-8B2B-0538D4A23FE0}.Release|iPhoneSimulator.Deploy.0 = Release|iPhoneSimulator
		{EDFDEAD4-E0AB-44E7-8B2B-0538D4A23FE0}.Release|x64.ActiveCfg = Release|iPhone
		{EDFDEAD4-E0AB-44E7-8B2B-0538D4A23FE0}.Release|x64.Build.0 = Release|iPhone
		{EDFDEAD4-E0AB-44E7-8B2B-0538D4A23FE0}.Release|x64.Deploy.0 = Release|iPhone
		{EDFDEAD4-E0AB-44E7-8B2B-0538D4A23FE0}.Release|x86.ActiveCfg = Release|iPhone
		{EDFDEAD4-E0AB-44E7-8B2B-0538D4A23FE0}.Release|x86.Build.0 = Release|iPhone
		{EDFDEAD4-E0AB-44E7-8B2B-0538D4A23FE0}.Release|x86.Deploy.0 = Release|iPhone
		{921A17A8-B387-48F6-B970-3E6392D7260C}.Ad-Hoc|Any CPU.ActiveCfg = Release|x86
		{921A17A8-B387-48F6-B970-3E6392D7260C}.Ad-Hoc|Any CPU.Build.0 = Release|x86
		{921A17A8-B387-48F6-B970-3E6392D7260C}.Ad-Hoc|Any CPU.Deploy.0 = Release|x86
		{921A17A8-B387-48F6-B970-3E6392D7260C}.Ad-Hoc|ARM.ActiveCfg = Release|ARM
		{921A17A8-B387-48F6-B970-3E6392D7260C}.Ad-Hoc|ARM.Build.0 = Release|ARM
		{921A17A8-B387-48F6-B970-3E6392D7260C}.Ad-Hoc|ARM.Deploy.0 = Release|ARM
		{921A17A8-B387-48F6-B970-3E6392D7260C}.Ad-Hoc|iPhone.ActiveCfg = Release|x86
		{921A17A8-B387-48F6-B970-3E6392D7260C}.Ad-Hoc|iPhone.Build.0 = Release|x86
		{921A17A8-B387-48F6-B970-3E6392D7260C}.Ad-Hoc|iPhone.Deploy.0 = Release|x86
		{921A17A8-B387-48F6-B970-3E6392D7260C}.Ad-Hoc|iPhoneSimulator.ActiveCfg = Release|x86
		{921A17A8-B387-48F6-B970-3E6392D7260C}.Ad-Hoc|iPhoneSimulator.Build.0 = Release|x86
		{921A17A8-B387-48F6-B970-3E6392D7260C}.Ad-Hoc|iPhoneSimulator.Deploy.0 = Release|x86
		{921A17A8-B387-48F6-B970-3E6392D7260C}.Ad-Hoc|x64.ActiveCfg = Release|x64
		{921A17A8-B387-48F6-B970-3E6392D7260C}.Ad-Hoc|x64.Build.0 = Release|x64
		{921A17A8-B387-48F6-B970-3E6392D7260C}.Ad-Hoc|x64.Deploy.0 = Release|x64
		{921A17A8-B387-48F6-B970-3E6392D7260C}.Ad-Hoc|x86.ActiveCfg = Release|x86
		{921A17A8-B387-48F6-B970-3E6392D7260C}.Ad-Hoc|x86.Build.0 = Release|x86
		{921A17A8-B387-48F6-B970-3E6392D7260C}.Ad-Hoc|x86.Deploy.0 = Release|x86
		{921A17A8-B387-48F6-B970-3E6392D7260C}.AppStore|Any CPU.ActiveCfg = Release|x86
		{921A17A8-B387-48F6-B970-3E6392D7260C}.AppStore|Any CPU.Build.0 = Release|x86
		{921A17A8-B387-48F6-B970-3E6392D7260C}.AppStore|Any CPU.Deploy.0 = Release|x86
		{921A17A8-B387-48F6-B970-3E6392D7260C}.AppStore|ARM.ActiveCfg = Release|ARM
		{921A17A8-B387-48F6-B970-3E6392D7260C}.AppStore|ARM.Build.0 = Release|ARM
		{921A17A8-B387-48F6-B970-3E6392D7260C}.AppStore|ARM.Deploy.0 = Release|ARM
		{921A17A8-B387-48F6-B970-3E6392D7260C}.AppStore|iPhone.ActiveCfg = Release|x86
		{921A17A8-B387-48F6-B970-3E6392D7260C}.AppStore|iPhone.Build.0 = Release|x86
		{921A17A8-B387-48F6-B970-3E6392D7260C}.AppStore|iPhone.Deploy.0 = Release|x86
		{921A17A8-B387-48F6-B970-3E6392D7260C}.AppStore|iPhoneSimulator.ActiveCfg = Release|x86
		{921A17A8-B387-48F6-B970-3E6392D7260C}.AppStore|iPhoneSimulator.Build.0 = Release|x86
		{921A17A8-B387-48F6-B970-3E6392D7260C}.AppStore|iPhoneSimulator.Deploy.0 = Release|x86
		{921A17A8-B387-48F6-B970-3E6392D7260C}.AppStore|x64.ActiveCfg = Release|x64
		{921A17A8-B387-48F6-B970-3E6392D7260C}.AppStore|x64.Build.0 = Release|x64
		{921A17A8-B387-48F6-B970-3E6392D7260C}.AppStore|x64.Deploy.0 = Release|x64
		{921A17A8-B387-48F6-B970-3E6392D7260C}.AppStore|x86.ActiveCfg = Release|x86
		{921A17A8-B387-48F6-B970-3E6392D7260C}.AppStore|x86.Build.0 = Release|x86
		{921A17A8-B387-48F6-B970-3E6392D7260C}.AppStore|x86.Deploy.0 = Release|x86
		{921A17A8-B387-48F6-B970-3E6392D7260C}.Debug|Any CPU.ActiveCfg = Debug|x86
		{921A17A8-B387-48F6-B970-3E6392D7260C}.Debug|Any CPU.Build.0 = Debug|x86
		{921A17A8-B387-48F6-B970-3E6392D7260C}.Debug|Any CPU.Deploy.0 = Debug|x86
		{921A17A8-B387-48F6-B970-3E6392D7260C}.Debug|ARM.ActiveCfg = Debug|ARM
		{921A17A8-B387-48F6-B970-3E6392D7260C}.Debug|ARM.Build.0 = Debug|ARM
		{921A17A8-B387-48F6-B970-3E6392D7260C}.Debug|ARM.Deploy.0 = Debug|ARM
		{921A17A8-B387-48F6-B970-3E6392D7260C}.Debug|iPhone.ActiveCfg = Debug|x86
		{921A17A8-B387-48F6-B970-3E6392D7260C}.Debug|iPhone.Build.0 = Debug|x86
		{921A17A8-B387-48F6-B970-3E6392D7260C}.Debug|iPhone.Deploy.0 = Debug|x86
		{921A17A8-B387-48F6-B970-3E6392D7260C}.Debug|iPhoneSimulator.ActiveCfg = Debug|x86
		{921A17A8-B387-48F6-B970-3E6392D7260C}.Debug|iPhoneSimulator.Build.0 = Debug|x86
		{921A17A8-B387-48F6-B970-3E6392D7260C}.Debug|iPhoneSimulator.Deploy.0 = Debug|x86
		{921A17A8-B387-48F6-B970-3E6392D7260C}.Debug|x64.ActiveCfg = Debug|x64
		{921A17A8-B387-48F6-B970-3E6392D7260C}.Debug|x64.Build.0 = Debug|x64
		{921A17A8-B387-48F6-B970-3E6392D7260C}.Debug|x64.Deploy.0 = Debug|x64
		{921A17A8-B387-48F6-B970-3E6392D7260C}.Debug|x86.ActiveCfg = Debug|x86
		{921A17A8-B387-48F6-B970-3E6392D7260C}.Debug|x86.Build.0 = Debug|x86
		{921A17A8-B387-48F6-B970-3E6392D7260C}.Debug|x86.Deploy.0 = Debug|x86
		{921A17A8-B387-48F6-B970-3E6392D7260C}.Release|Any CPU.ActiveCfg = Release|x86
		{921A17A8-B387-48F6-B970-3E6392D7260C}.Release|Any CPU.Build.0 = Release|x86
		{921A17A8-B387-48F6-B970-3E6392D7260C}.Release|Any CPU.Deploy.0 = Release|x86
		{921A17A8-B387-48F6-B970-3E6392D7260C}.Release|ARM.ActiveCfg = Release|ARM
		{921A17A8-B387-48F6-B970-3E6392D7260C}.Release|ARM.Build.0 = Release|ARM
		{921A17A8-B387-48F6-B970-3E6392D7260C}.Release|ARM.Deploy.0 = Release|ARM
		{921A17A8-B387-48F6-B970-3E6392D7260C}.Release|iPhone.ActiveCfg = Release|x86
		{921A17A8-B387-48F6-B970-3E6392D7260C}.Release|iPhone.Build.0 = Release|x86
		{921A17A8-B387-48F6-B970-3E6392D7260C}.Release|iPhone.Deploy.0 = Release|x86
		{921A17A8-B387-48F6-B970-3E6392D7260C}.Release|iPhoneSimulator.ActiveCfg = Release|x86
		{921A17A8-B387-48F6-B970-3E6392D7260C}.Release|iPhoneSimulator.Build.0 = Release|x86
		{921A17A8-B387-48F6-B970-3E6392D7260C}.Release|iPhoneSimulator.Deploy.0 = Release|x86
		{921A17A8-B387-48F6-B970-3E6392D7260C}.Release|x64.ActiveCfg = Release|x64
		{921A17A8-B387-48F6-B970-3E6392D7260C}.Release|x64.Build.0 = Release|x64
		{921A17A8-B387-48F6-B970-3E6392D7260C}.Release|x64.Deploy.0 = Release|x64
		{921A17A8-B387-48F6-B970-3E6392D7260C}.Release|x86.ActiveCfg = Release|x86
		{921A17A8-B387-48F6-B970-3E6392D7260C}.Release|x86.Build.0 = Release|x86
		{921A17A8-B387-48F6-B970-3E6392D7260C}.Release|x86.Deploy.0 = Release|x86
		{DAE8189C-70FE-455B-AA17-C38B1820CD42}.Ad-Hoc|Any CPU.ActiveCfg = Debug|Any CPU
		{DAE8189C-70FE-455B-AA17-C38B1820CD42}.Ad-Hoc|Any CPU.Build.0 = Debug|Any CPU
		{DAE8189C-70FE-455B-AA17-C38B1820CD42}.Ad-Hoc|Any CPU.Deploy.0 = Debug|Any CPU
		{DAE8189C-70FE-455B-AA17-C38B1820CD42}.Ad-Hoc|ARM.ActiveCfg = Debug|Any CPU
		{DAE8189C-70FE-455B-AA17-C38B1820CD42}.Ad-Hoc|ARM.Build.0 = Debug|Any CPU
		{DAE8189C-70FE-455B-AA17-C38B1820CD42}.Ad-Hoc|ARM.Deploy.0 = Debug|Any CPU
		{DAE8189C-70FE-455B-AA17-C38B1820CD42}.Ad-Hoc|iPhone.ActiveCfg = Debug|Any CPU
		{DAE8189C-70FE-455B-AA17-C38B1820CD42}.Ad-Hoc|iPhone.Build.0 = Debug|Any CPU
		{DAE8189C-70FE-455B-AA17-C38B1820CD42}.Ad-Hoc|iPhone.Deploy.0 = Debug|Any CPU
		{DAE8189C-70FE-455B-AA17-C38B1820CD42}.Ad-Hoc|iPhoneSimulator.ActiveCfg = Debug|Any CPU
		{DAE8189C-70FE-455B-AA17-C38B1820CD42}.Ad-Hoc|iPhoneSimulator.Build.0 = Debug|Any CPU
		{DAE8189C-70FE-455B-AA17-C38B1820CD42}.Ad-Hoc|iPhoneSimulator.Deploy.0 = Debug|Any CPU
		{DAE8189C-70FE-455B-AA17-C38B1820CD42}.Ad-Hoc|x64.ActiveCfg = Debug|Any CPU
		{DAE8189C-70FE-455B-AA17-C38B1820CD42}.Ad-Hoc|x64.Build.0 = Debug|Any CPU
		{DAE8189C-70FE-455B-AA17-C38B1820CD42}.Ad-Hoc|x64.Deploy.0 = Debug|Any CPU
		{DAE8189C-70FE-455B-AA17-C38B1820CD42}.Ad-Hoc|x86.ActiveCfg = Debug|Any CPU
		{DAE8189C-70FE-455B-AA17-C38B1820CD42}.Ad-Hoc|x86.Build.0 = Debug|Any CPU
		{DAE8189C-70FE-455B-AA17-C38B1820CD42}.Ad-Hoc|x86.Deploy.0 = Debug|Any CPU
		{DAE8189C-70FE-455B-AA17-C38B1820CD42}.AppStore|Any CPU.ActiveCfg = Debug|Any CPU
		{DAE8189C-70FE-455B-AA17-C38B1820CD42}.AppStore|Any CPU.Build.0 = Debug|Any CPU
		{DAE8189C-70FE-455B-AA17-C38B1820CD42}.AppStore|Any CPU.Deploy.0 = Debug|Any CPU
		{DAE8189C-70FE-455B-AA17-C38B1820CD42}.AppStore|ARM.ActiveCfg = Debug|Any CPU
		{DAE8189C-70FE-455B-AA17-C38B1820CD42}.AppStore|ARM.Build.0 = Debug|Any CPU
		{DAE8189C-70FE-455B-AA17-C38B1820CD42}.AppStore|ARM.Deploy.0 = Debug|Any CPU
		{DAE8189C-70FE-455B-AA17-C38B1820CD42}.AppStore|iPhone.ActiveCfg = Debug|Any CPU
		{DAE8189C-70FE-455B-AA17-C38B1820CD42}.AppStore|iPhone.Build.0 = Debug|Any CPU
		{DAE8189C-70FE-455B-AA17-C38B1820CD42}.AppStore|iPhone.Deploy.0 = Debug|Any CPU
		{DAE8189C-70FE-455B-AA17-C38B1820CD42}.AppStore|iPhoneSimulator.ActiveCfg = Debug|Any CPU
		{DAE8189C-70FE-455B-AA17-C38B1820CD42}.AppStore|iPhoneSimulator.Build.0 = Debug|Any CPU
		{DAE8189C-70FE-455B-AA17-C38B1820CD42}.AppStore|iPhoneSimulator.Deploy.0 = Debug|Any CPU
		{DAE8189C-70FE-455B-AA17-C38B1820CD42}.AppStore|x64.ActiveCfg = Debug|Any CPU
		{DAE8189C-70FE-455B-AA17-C38B1820CD42}.AppStore|x64.Build.0 = Debug|Any CPU
		{DAE8189C-70FE-455B-AA17-C38B1820CD42}.AppStore|x64.Deploy.0 = Debug|Any CPU
		{DAE8189C-70FE-455B-AA17-C38B1820CD42}.AppStore|x86.ActiveCfg = Debug|Any CPU
		{DAE8189C-70FE-455B-AA17-C38B1820CD42}.AppStore|x86.Build.0 = Debug|Any CPU
		{DAE8189C-70FE-455B-AA17-C38B1820CD42}.AppStore|x86.Deploy.0 = Debug|Any CPU
		{DAE8189C-70FE-455B-AA17-C38B1820CD42}.Debug|Any CPU.ActiveCfg = Debug|Any CPU
		{DAE8189C-70FE-455B-AA17-C38B1820CD42}.Debug|Any CPU.Build.0 = Debug|Any CPU
		{DAE8189C-70FE-455B-AA17-C38B1820CD42}.Debug|Any CPU.Deploy.0 = Debug|Any CPU
		{DAE8189C-70FE-455B-AA17-C38B1820CD42}.Debug|ARM.ActiveCfg = Debug|Any CPU
		{DAE8189C-70FE-455B-AA17-C38B1820CD42}.Debug|ARM.Build.0 = Debug|Any CPU
		{DAE8189C-70FE-455B-AA17-C38B1820CD42}.Debug|ARM.Deploy.0 = Debug|Any CPU
		{DAE8189C-70FE-455B-AA17-C38B1820CD42}.Debug|iPhone.ActiveCfg = Debug|Any CPU
		{DAE8189C-70FE-455B-AA17-C38B1820CD42}.Debug|iPhone.Build.0 = Debug|Any CPU
		{DAE8189C-70FE-455B-AA17-C38B1820CD42}.Debug|iPhone.Deploy.0 = Debug|Any CPU
		{DAE8189C-70FE-455B-AA17-C38B1820CD42}.Debug|iPhoneSimulator.ActiveCfg = Debug|Any CPU
		{DAE8189C-70FE-455B-AA17-C38B1820CD42}.Debug|iPhoneSimulator.Build.0 = Debug|Any CPU
		{DAE8189C-70FE-455B-AA17-C38B1820CD42}.Debug|iPhoneSimulator.Deploy.0 = Debug|Any CPU
		{DAE8189C-70FE-455B-AA17-C38B1820CD42}.Debug|x64.ActiveCfg = Debug|Any CPU
		{DAE8189C-70FE-455B-AA17-C38B1820CD42}.Debug|x64.Build.0 = Debug|Any CPU
		{DAE8189C-70FE-455B-AA17-C38B1820CD42}.Debug|x64.Deploy.0 = Debug|Any CPU
		{DAE8189C-70FE-455B-AA17-C38B1820CD42}.Debug|x86.ActiveCfg = Debug|Any CPU
		{DAE8189C-70FE-455B-AA17-C38B1820CD42}.Debug|x86.Build.0 = Debug|Any CPU
		{DAE8189C-70FE-455B-AA17-C38B1820CD42}.Debug|x86.Deploy.0 = Debug|Any CPU
		{DAE8189C-70FE-455B-AA17-C38B1820CD42}.Release|Any CPU.ActiveCfg = Release|Any CPU
		{DAE8189C-70FE-455B-AA17-C38B1820CD42}.Release|Any CPU.Build.0 = Release|Any CPU
		{DAE8189C-70FE-455B-AA17-C38B1820CD42}.Release|Any CPU.Deploy.0 = Release|Any CPU
		{DAE8189C-70FE-455B-AA17-C38B1820CD42}.Release|ARM.ActiveCfg = Release|Any CPU
		{DAE8189C-70FE-455B-AA17-C38B1820CD42}.Release|ARM.Build.0 = Release|Any CPU
		{DAE8189C-70FE-455B-AA17-C38B1820CD42}.Release|ARM.Deploy.0 = Release|Any CPU
		{DAE8189C-70FE-455B-AA17-C38B1820CD42}.Release|iPhone.ActiveCfg = Release|Any CPU
		{DAE8189C-70FE-455B-AA17-C38B1820CD42}.Release|iPhone.Build.0 = Release|Any CPU
		{DAE8189C-70FE-455B-AA17-C38B1820CD42}.Release|iPhone.Deploy.0 = Release|Any CPU
		{DAE8189C-70FE-455B-AA17-C38B1820CD42}.Release|iPhoneSimulator.ActiveCfg = Release|Any CPU
		{DAE8189C-70FE-455B-AA17-C38B1820CD42}.Release|iPhoneSimulator.Build.0 = Release|Any CPU
		{DAE8189C-70FE-455B-AA17-C38B1820CD42}.Release|iPhoneSimulator.Deploy.0 = Release|Any CPU
		{DAE8189C-70FE-455B-AA17-C38B1820CD42}.Release|x64.ActiveCfg = Release|Any CPU
		{DAE8189C-70FE-455B-AA17-C38B1820CD42}.Release|x64.Build.0 = Release|Any CPU
		{DAE8189C-70FE-455B-AA17-C38B1820CD42}.Release|x64.Deploy.0 = Release|Any CPU
		{DAE8189C-70FE-455B-AA17-C38B1820CD42}.Release|x86.ActiveCfg = Release|Any CPU
		{DAE8189C-70FE-455B-AA17-C38B1820CD42}.Release|x86.Build.0 = Release|Any CPU
		{DAE8189C-70FE-455B-AA17-C38B1820CD42}.Release|x86.Deploy.0 = Release|Any CPU
	EndGlobalSection
	GlobalSection(SolutionProperties) = preSolution
		HideSolutionNode = FALSE
	EndGlobalSection
	GlobalSection(ExtensibilityGlobals) = postSolution
		SolutionGuid = {13226DEA-6931-41BA-B1A2-8F605D6EC8AD}
	EndGlobalSection
EndGlobal
